
Microsoft Visual Studio Solution File, Format Version 12.00
# Visual Studio Version 16
VisualStudioVersion = 16.0.29613.14
MinimumVisualStudioVersion = 10.0.40219.1
Project("{FAE04EC0-301F-11D3-BF4B-00C04F79EFBC}") = "ConsoleRenderer", "ConsoleRenderer\ConsoleRenderer.csproj", "{933AA3B6-7B80-45B4-98FC-7F1B802B2131}"
EndProject
Project("{2150E333-8FDC-42A3-9474-1A3956D46DE8}") = "Console", "Console", "{DD1EFC36-4CEC-4D34-BF70-D773C4D76489}"
EndProject
Project("{FAE04EC0-301F-11D3-BF4B-00C04F79EFBC}") = "Core", "Core\Core.csproj", "{79C4D5AF-C7EF-499C-AAE8-E1DDA48D8AB0}"
EndProject
Project("{FAE04EC0-301F-11D3-BF4B-00C04F79EFBC}") = "Common", "Common\Common.csproj", "{458310DF-25B1-4469-8C08-9489DE6FA97D}"
EndProject
Global
	GlobalSection(SolutionConfigurationPlatforms) = preSolution
		Debug|Any CPU = Debug|Any CPU
		Release|Any CPU = Release|Any CPU
	EndGlobalSection
	GlobalSection(ProjectConfigurationPlatforms) = postSolution
		{933AA3B6-7B80-45B4-98FC-7F1B802B2131}.Debug|Any CPU.ActiveCfg = Debug|Any CPU
		{933AA3B6-7B80-45B4-98FC-7F1B802B2131}.Debug|Any CPU.Build.0 = Debug|Any CPU
		{933AA3B6-7B80-45B4-98FC-7F1B802B2131}.Release|Any CPU.ActiveCfg = Release|Any CPU
		{933AA3B6-7B80-45B4-98FC-7F1B802B2131}.Release|Any CPU.Build.0 = Release|Any CPU
		{79C4D5AF-C7EF-499C-AAE8-E1DDA48D8AB0}.Debug|Any CPU.ActiveCfg = Debug|Any CPU
		{79C4D5AF-C7EF-499C-AAE8-E1DDA48D8AB0}.Debug|Any CPU.Build.0 = Debug|Any CPU
		{79C4D5AF-C7EF-499C-AAE8-E1DDA48D8AB0}.Release|Any CPU.ActiveCfg = Release|Any CPU
		{79C4D5AF-C7EF-499C-AAE8-E1DDA48D8AB0}.Release|Any CPU.Build.0 = Release|Any CPU
		{458310DF-25B1-4469-8C08-9489DE6FA97D}.Debug|Any CPU.ActiveCfg = Debug|Any CPU
		{458310DF-25B1-4469-8C08-9489DE6FA97D}.Debug|Any CPU.Build.0 = Debug|Any CPU
		{458310DF-25B1-4469-8C08-9489DE6FA97D}.Release|Any CPU.ActiveCfg = Release|Any CPU
		{458310DF-25B1-4469-8C08-9489DE6FA97D}.Release|Any CPU.Build.0 = Release|Any CPU
	EndGlobalSection
	GlobalSection(SolutionProperties) = preSolution
		HideSolutionNode = FALSE
	EndGlobalSection
	GlobalSection(NestedProjects) = preSolution
		{933AA3B6-7B80-45B4-98FC-7F1B802B2131} = {DD1EFC36-4CEC-4D34-BF70-D773C4D76489}
	EndGlobalSection
	GlobalSection(ExtensibilityGlobals) = postSolution
		SolutionGuid = {87190681-210A-457D-ACDE-7667A13C7EB1}
	EndGlobalSection
EndGlobal
